// !$*UTF8*$!
{
	archiveVersion = 1;
	classes = {
	};
	objectVersion = 56;
	objects = {

/* Begin PBXBuildFile section */
		6E2345712C511DAA00866A0B /* MealzOnboardingSupplierSwiftUIApp.swift in Sources */ = {isa = PBXBuildFile; fileRef = 6E2345702C511DAA00866A0B /* MealzOnboardingSupplierSwiftUIApp.swift */; };
		6E2345732C511DAA00866A0B /* ContentView.swift in Sources */ = {isa = PBXBuildFile; fileRef = 6E2345722C511DAA00866A0B /* ContentView.swift */; };
		6E2345752C511DAC00866A0B /* Assets.xcassets in Resources */ = {isa = PBXBuildFile; fileRef = 6E2345742C511DAC00866A0B /* Assets.xcassets */; };
		6E2345792C511DAC00866A0B /* Preview Assets.xcassets in Resources */ = {isa = PBXBuildFile; fileRef = 6E2345782C511DAC00866A0B /* Preview Assets.xcassets */; };
		6E2345822C51223100866A0B /* Recipes.swift in Sources */ = {isa = PBXBuildFile; fileRef = 6E2345812C51223100866A0B /* Recipes.swift */; };
		6E2345842C5126C700866A0B /* Basket.swift in Sources */ = {isa = PBXBuildFile; fileRef = 6E2345832C5126C700866A0B /* Basket.swift */; };
		6E23459D2C5143D000866A0B /* PretendUserLocalDS.swift in Sources */ = {isa = PBXBuildFile; fileRef = 6E23459B2C5143CD00866A0B /* PretendUserLocalDS.swift */; };
		6E23459E2C5143D000866A0B /* UserConnectionView.swift in Sources */ = {isa = PBXBuildFile; fileRef = 6E2345982C5143C400866A0B /* UserConnectionView.swift */; };
		6E23459F2C5143D000866A0B /* UserConnectionViewModel.swift in Sources */ = {isa = PBXBuildFile; fileRef = 6E2345992C5143C400866A0B /* UserConnectionViewModel.swift */; };
		6E2345A02C5143D000866A0B /* PretendUser.swift in Sources */ = {isa = PBXBuildFile; fileRef = 6E2345952C5143B900866A0B /* PretendUser.swift */; };
		6E2345A12C5143D000866A0B /* UserSession.swift in Sources */ = {isa = PBXBuildFile; fileRef = 6E2345962C5143B900866A0B /* UserSession.swift */; };
		6E2345A42C51440A00866A0B /* PretendUserRepository.swift in Sources */ = {isa = PBXBuildFile; fileRef = 6E2345A22C51440700866A0B /* PretendUserRepository.swift */; };
/* End PBXBuildFile section */

/* Begin PBXFileReference section */
		6E23456D2C511DAA00866A0B /* MealzOnboardingSupplierSwiftUI.app */ = {isa = PBXFileReference; explicitFileType = wrapper.application; includeInIndex = 0; path = MealzOnboardingSupplierSwiftUI.app; sourceTree = BUILT_PRODUCTS_DIR; };
		6E2345702C511DAA00866A0B /* MealzOnboardingSupplierSwiftUIApp.swift */ = {isa = PBXFileReference; lastKnownFileType = sourcecode.swift; path = MealzOnboardingSupplierSwiftUIApp.swift; sourceTree = "<group>"; };
		6E2345722C511DAA00866A0B /* ContentView.swift */ = {isa = PBXFileReference; lastKnownFileType = sourcecode.swift; path = ContentView.swift; sourceTree = "<group>"; };
		6E2345742C511DAC00866A0B /* Assets.xcassets */ = {isa = PBXFileReference; lastKnownFileType = folder.assetcatalog; path = Assets.xcassets; sourceTree = "<group>"; };
		6E2345762C511DAC00866A0B /* MealzOnboardingSupplierSwiftUI.entitlements */ = {isa = PBXFileReference; lastKnownFileType = text.plist.entitlements; path = MealzOnboardingSupplierSwiftUI.entitlements; sourceTree = "<group>"; };
		6E2345782C511DAC00866A0B /* Preview Assets.xcassets */ = {isa = PBXFileReference; lastKnownFileType = folder.assetcatalog; path = "Preview Assets.xcassets"; sourceTree = "<group>"; };
		6E2345812C51223100866A0B /* Recipes.swift */ = {isa = PBXFileReference; lastKnownFileType = sourcecode.swift; path = Recipes.swift; sourceTree = "<group>"; };
		6E2345832C5126C700866A0B /* Basket.swift */ = {isa = PBXFileReference; lastKnownFileType = sourcecode.swift; path = Basket.swift; sourceTree = "<group>"; };
		6E2345952C5143B900866A0B /* PretendUser.swift */ = {isa = PBXFileReference; lastKnownFileType = sourcecode.swift; path = PretendUser.swift; sourceTree = "<group>"; };
		6E2345962C5143B900866A0B /* UserSession.swift */ = {isa = PBXFileReference; lastKnownFileType = sourcecode.swift; path = UserSession.swift; sourceTree = "<group>"; };
		6E2345982C5143C400866A0B /* UserConnectionView.swift */ = {isa = PBXFileReference; lastKnownFileType = sourcecode.swift; path = UserConnectionView.swift; sourceTree = "<group>"; };
		6E2345992C5143C400866A0B /* UserConnectionViewModel.swift */ = {isa = PBXFileReference; lastKnownFileType = sourcecode.swift; path = UserConnectionViewModel.swift; sourceTree = "<group>"; };
		6E23459B2C5143CD00866A0B /* PretendUserLocalDS.swift */ = {isa = PBXFileReference; lastKnownFileType = sourcecode.swift; path = PretendUserLocalDS.swift; sourceTree = "<group>"; };
		6E2345A22C51440700866A0B /* PretendUserRepository.swift */ = {isa = PBXFileReference; lastKnownFileType = sourcecode.swift; path = PretendUserRepository.swift; sourceTree = "<group>"; };
/* End PBXFileReference section */

/* Begin PBXFrameworksBuildPhase section */
		6E23456A2C511DAA00866A0B /* Frameworks */ = {
			isa = PBXFrameworksBuildPhase;
			buildActionMask = 2147483647;
			files = (
			);
			runOnlyForDeploymentPostprocessing = 0;
		};
/* End PBXFrameworksBuildPhase section */

/* Begin PBXGroup section */
		6E2345642C511DAA00866A0B = {
			isa = PBXGroup;
			children = (
				6E23456F2C511DAA00866A0B /* MealzOnboardingSupplierSwiftUI */,
				6E23456E2C511DAA00866A0B /* Products */,
			);
			sourceTree = "<group>";
		};
		6E23456E2C511DAA00866A0B /* Products */ = {
			isa = PBXGroup;
			children = (
				6E23456D2C511DAA00866A0B /* MealzOnboardingSupplierSwiftUI.app */,
			);
			name = Products;
			sourceTree = "<group>";
		};
		6E23456F2C511DAA00866A0B /* MealzOnboardingSupplierSwiftUI */ = {
			isa = PBXGroup;
			children = (
				6E2345A32C51440700866A0B /* Repository */,
				6E23459C2C5143CD00866A0B /* DataSource */,
				6E2345972C5143B900866A0B /* Model */,
				6E23457F2C51220D00866A0B /* UI */,
				6E2345702C511DAA00866A0B /* MealzOnboardingSupplierSwiftUIApp.swift */,
				6E2345722C511DAA00866A0B /* ContentView.swift */,
				6E2345742C511DAC00866A0B /* Assets.xcassets */,
				6E2345762C511DAC00866A0B /* MealzOnboardingSupplierSwiftUI.entitlements */,
				6E2345772C511DAC00866A0B /* Preview Content */,
			);
			path = MealzOnboardingSupplierSwiftUI;
			sourceTree = "<group>";
		};
		6E2345772C511DAC00866A0B /* Preview Content */ = {
			isa = PBXGroup;
			children = (
				6E2345782C511DAC00866A0B /* Preview Assets.xcassets */,
			);
			path = "Preview Content";
			sourceTree = "<group>";
		};
		6E23457F2C51220D00866A0B /* UI */ = {
			isa = PBXGroup;
			children = (
				6E2345802C51222400866A0B /* Features */,
			);
			path = UI;
			sourceTree = "<group>";
		};
		6E2345802C51222400866A0B /* Features */ = {
			isa = PBXGroup;
			children = (
				6E23459A2C5143C400866A0B /* UserConnection */,
				6E2345812C51223100866A0B /* Recipes.swift */,
				6E2345832C5126C700866A0B /* Basket.swift */,
			);
			path = Features;
			sourceTree = "<group>";
		};
		6E2345972C5143B900866A0B /* Model */ = {
			isa = PBXGroup;
			children = (
				6E2345952C5143B900866A0B /* PretendUser.swift */,
				6E2345962C5143B900866A0B /* UserSession.swift */,
			);
			path = Model;
			sourceTree = "<group>";
		};
		6E23459A2C5143C400866A0B /* UserConnection */ = {
			isa = PBXGroup;
			children = (
				6E2345982C5143C400866A0B /* UserConnectionView.swift */,
				6E2345992C5143C400866A0B /* UserConnectionViewModel.swift */,
			);
			path = UserConnection;
			sourceTree = "<group>";
		};
		6E23459C2C5143CD00866A0B /* DataSource */ = {
			isa = PBXGroup;
			children = (
				6E23459B2C5143CD00866A0B /* PretendUserLocalDS.swift */,
			);
			path = DataSource;
			sourceTree = "<group>";
		};
		6E2345A32C51440700866A0B /* Repository */ = {
			isa = PBXGroup;
			children = (
				6E2345A22C51440700866A0B /* PretendUserRepository.swift */,
			);
			path = Repository;
			sourceTree = "<group>";
		};
/* End PBXGroup section */

/* Begin PBXNativeTarget section */
		6E23456C2C511DAA00866A0B /* MealzOnboardingSupplierSwiftUI */ = {
			isa = PBXNativeTarget;
			buildConfigurationList = 6E23457C2C511DAC00866A0B /* Build configuration list for PBXNativeTarget "MealzOnboardingSupplierSwiftUI" */;
			buildPhases = (
				6E2345692C511DAA00866A0B /* Sources */,
				6E23456A2C511DAA00866A0B /* Frameworks */,
				6E23456B2C511DAA00866A0B /* Resources */,
			);
			buildRules = (
			);
			dependencies = (
			);
			name = MealzOnboardingSupplierSwiftUI;
			productName = MealzOnboardingSupplierSwiftUI;
			productReference = 6E23456D2C511DAA00866A0B /* MealzOnboardingSupplierSwiftUI.app */;
			productType = "com.apple.product-type.application";
		};
/* End PBXNativeTarget section */

/* Begin PBXProject section */
		6E2345652C511DAA00866A0B /* Project object */ = {
			isa = PBXProject;
			attributes = {
				BuildIndependentTargetsInParallel = 1;
				LastSwiftUpdateCheck = 1540;
				LastUpgradeCheck = 1540;
				TargetAttributes = {
					6E23456C2C511DAA00866A0B = {
						CreatedOnToolsVersion = 15.4;
					};
				};
			};
			buildConfigurationList = 6E2345682C511DAA00866A0B /* Build configuration list for PBXProject "MealzOnboardingSupplierSwiftUI" */;
			compatibilityVersion = "Xcode 14.0";
			developmentRegion = en;
			hasScannedForEncodings = 0;
			knownRegions = (
				en,
				Base,
			);
			mainGroup = 6E2345642C511DAA00866A0B;
			productRefGroup = 6E23456E2C511DAA00866A0B /* Products */;
			projectDirPath = "";
			projectRoot = "";
			targets = (
				6E23456C2C511DAA00866A0B /* MealzOnboardingSupplierSwiftUI */,
			);
		};
/* End PBXProject section */

/* Begin PBXResourcesBuildPhase section */
		6E23456B2C511DAA00866A0B /* Resources */ = {
			isa = PBXResourcesBuildPhase;
			buildActionMask = 2147483647;
			files = (
				6E2345792C511DAC00866A0B /* Preview Assets.xcassets in Resources */,
				6E2345752C511DAC00866A0B /* Assets.xcassets in Resources */,
			);
			runOnlyForDeploymentPostprocessing = 0;
		};
/* End PBXResourcesBuildPhase section */

/* Begin PBXSourcesBuildPhase section */
		6E2345692C511DAA00866A0B /* Sources */ = {
			isa = PBXSourcesBuildPhase;
			buildActionMask = 2147483647;
			files = (
				6E2345A42C51440A00866A0B /* PretendUserRepository.swift in Sources */,
				6E23459D2C5143D000866A0B /* PretendUserLocalDS.swift in Sources */,
				6E23459E2C5143D000866A0B /* UserConnectionView.swift in Sources */,
				6E23459F2C5143D000866A0B /* UserConnectionViewModel.swift in Sources */,
				6E2345A02C5143D000866A0B /* PretendUser.swift in Sources */,
				6E2345A12C5143D000866A0B /* UserSession.swift in Sources */,
				6E2345732C511DAA00866A0B /* ContentView.swift in Sources */,
				6E2345842C5126C700866A0B /* Basket.swift in Sources */,
				6E2345822C51223100866A0B /* Recipes.swift in Sources */,
				6E2345712C511DAA00866A0B /* MealzOnboardingSupplierSwiftUIApp.swift in Sources */,
			);
			runOnlyForDeploymentPostprocessing = 0;
		};
/* End PBXSourcesBuildPhase section */

/* Begin XCBuildConfiguration section */
		6E23457A2C511DAC00866A0B /* Debug */ = {
			isa = XCBuildConfiguration;
			buildSettings = {
				ALWAYS_SEARCH_USER_PATHS = NO;
				ASSETCATALOG_COMPILER_GENERATE_SWIFT_ASSET_SYMBOL_EXTENSIONS = YES;
				CLANG_ANALYZER_NONNULL = YES;
				CLANG_ANALYZER_NUMBER_OBJECT_CONVERSION = YES_AGGRESSIVE;
				CLANG_CXX_LANGUAGE_STANDARD = "gnu++20";
				CLANG_ENABLE_MODULES = YES;
				CLANG_ENABLE_OBJC_ARC = YES;
				CLANG_ENABLE_OBJC_WEAK = YES;
				CLANG_WARN_BLOCK_CAPTURE_AUTORELEASING = YES;
				CLANG_WARN_BOOL_CONVERSION = YES;
				CLANG_WARN_COMMA = YES;
				CLANG_WARN_CONSTANT_CONVERSION = YES;
				CLANG_WARN_DEPRECATED_OBJC_IMPLEMENTATIONS = YES;
				CLANG_WARN_DIRECT_OBJC_ISA_USAGE = YES_ERROR;
				CLANG_WARN_DOCUMENTATION_COMMENTS = YES;
				CLANG_WARN_EMPTY_BODY = YES;
				CLANG_WARN_ENUM_CONVERSION = YES;
				CLANG_WARN_INFINITE_RECURSION = YES;
				CLANG_WARN_INT_CONVERSION = YES;
				CLANG_WARN_NON_LITERAL_NULL_CONVERSION = YES;
				CLANG_WARN_OBJC_IMPLICIT_RETAIN_SELF = YES;
				CLANG_WARN_OBJC_LITERAL_CONVERSION = YES;
				CLANG_WARN_OBJC_ROOT_CLASS = YES_ERROR;
				CLANG_WARN_QUOTED_INCLUDE_IN_FRAMEWORK_HEADER = YES;
				CLANG_WARN_RANGE_LOOP_ANALYSIS = YES;
				CLANG_WARN_STRICT_PROTOTYPES = YES;
				CLANG_WARN_SUSPICIOUS_MOVE = YES;
				CLANG_WARN_UNGUARDED_AVAILABILITY = YES_AGGRESSIVE;
				CLANG_WARN_UNREACHABLE_CODE = YES;
				CLANG_WARN__DUPLICATE_METHOD_MATCH = YES;
				COPY_PHASE_STRIP = NO;
				DEBUG_INFORMATION_FORMAT = dwarf;
				ENABLE_STRICT_OBJC_MSGSEND = YES;
				ENABLE_TESTABILITY = YES;
				ENABLE_USER_SCRIPT_SANDBOXING = YES;
				GCC_C_LANGUAGE_STANDARD = gnu17;
				GCC_DYNAMIC_NO_PIC = NO;
				GCC_NO_COMMON_BLOCKS = YES;
				GCC_OPTIMIZATION_LEVEL = 0;
				GCC_PREPROCESSOR_DEFINITIONS = (
					"DEBUG=1",
					"$(inherited)",
				);
				GCC_WARN_64_TO_32_BIT_CONVERSION = YES;
				GCC_WARN_ABOUT_RETURN_TYPE = YES_ERROR;
				GCC_WARN_UNDECLARED_SELECTOR = YES;
				GCC_WARN_UNINITIALIZED_AUTOS = YES_AGGRESSIVE;
				GCC_WARN_UNUSED_FUNCTION = YES;
				GCC_WARN_UNUSED_VARIABLE = YES;
				LOCALIZATION_PREFERS_STRING_CATALOGS = YES;
				MTL_ENABLE_DEBUG_INFO = INCLUDE_SOURCE;
				MTL_FAST_MATH = YES;
				ONLY_ACTIVE_ARCH = YES;
				SWIFT_ACTIVE_COMPILATION_CONDITIONS = "DEBUG $(inherited)";
				SWIFT_OPTIMIZATION_LEVEL = "-Onone";
			};
			name = Debug;
		};
		6E23457B2C511DAC00866A0B /* Release */ = {
			isa = XCBuildConfiguration;
			buildSettings = {
				ALWAYS_SEARCH_USER_PATHS = NO;
				ASSETCATALOG_COMPILER_GENERATE_SWIFT_ASSET_SYMBOL_EXTENSIONS = YES;
				CLANG_ANALYZER_NONNULL = YES;
				CLANG_ANALYZER_NUMBER_OBJECT_CONVERSION = YES_AGGRESSIVE;
				CLANG_CXX_LANGUAGE_STANDARD = "gnu++20";
				CLANG_ENABLE_MODULES = YES;
				CLANG_ENABLE_OBJC_ARC = YES;
				CLANG_ENABLE_OBJC_WEAK = YES;
				CLANG_WARN_BLOCK_CAPTURE_AUTORELEASING = YES;
				CLANG_WARN_BOOL_CONVERSION = YES;
				CLANG_WARN_COMMA = YES;
				CLANG_WARN_CONSTANT_CONVERSION = YES;
				CLANG_WARN_DEPRECATED_OBJC_IMPLEMENTATIONS = YES;
				CLANG_WARN_DIRECT_OBJC_ISA_USAGE = YES_ERROR;
				CLANG_WARN_DOCUMENTATION_COMMENTS = YES;
				CLANG_WARN_EMPTY_BODY = YES;
				CLANG_WARN_ENUM_CONVERSION = YES;
				CLANG_WARN_INFINITE_RECURSION = YES;
				CLANG_WARN_INT_CONVERSION = YES;
				CLANG_WARN_NON_LITERAL_NULL_CONVERSION = YES;
				CLANG_WARN_OBJC_IMPLICIT_RETAIN_SELF = YES;
				CLANG_WARN_OBJC_LITERAL_CONVERSION = YES;
				CLANG_WARN_OBJC_ROOT_CLASS = YES_ERROR;
				CLANG_WARN_QUOTED_INCLUDE_IN_FRAMEWORK_HEADER = YES;
				CLANG_WARN_RANGE_LOOP_ANALYSIS = YES;
				CLANG_WARN_STRICT_PROTOTYPES = YES;
				CLANG_WARN_SUSPICIOUS_MOVE = YES;
				CLANG_WARN_UNGUARDED_AVAILABILITY = YES_AGGRESSIVE;
				CLANG_WARN_UNREACHABLE_CODE = YES;
				CLANG_WARN__DUPLICATE_METHOD_MATCH = YES;
				COPY_PHASE_STRIP = NO;
				DEBUG_INFORMATION_FORMAT = "dwarf-with-dsym";
				ENABLE_NS_ASSERTIONS = NO;
				ENABLE_STRICT_OBJC_MSGSEND = YES;
				ENABLE_USER_SCRIPT_SANDBOXING = YES;
				GCC_C_LANGUAGE_STANDARD = gnu17;
				GCC_NO_COMMON_BLOCKS = YES;
				GCC_WARN_64_TO_32_BIT_CONVERSION = YES;
				GCC_WARN_ABOUT_RETURN_TYPE = YES_ERROR;
				GCC_WARN_UNDECLARED_SELECTOR = YES;
				GCC_WARN_UNINITIALIZED_AUTOS = YES_AGGRESSIVE;
				GCC_WARN_UNUSED_FUNCTION = YES;
				GCC_WARN_UNUSED_VARIABLE = YES;
				LOCALIZATION_PREFERS_STRING_CATALOGS = YES;
				MTL_ENABLE_DEBUG_INFO = NO;
				MTL_FAST_MATH = YES;
				SWIFT_COMPILATION_MODE = wholemodule;
			};
			name = Release;
		};
		6E23457D2C511DAC00866A0B /* Debug */ = {
			isa = XCBuildConfiguration;
			buildSettings = {
				ASSETCATALOG_COMPILER_APPICON_NAME = AppIcon;
				ASSETCATALOG_COMPILER_GLOBAL_ACCENT_COLOR_NAME = AccentColor;
				CODE_SIGN_ENTITLEMENTS = MealzOnboardingSupplierSwiftUI/MealzOnboardingSupplierSwiftUI.entitlements;
				CODE_SIGN_STYLE = Automatic;
				CURRENT_PROJECT_VERSION = 1;
				DEVELOPMENT_ASSET_PATHS = "\"MealzOnboardingSupplierSwiftUI/Preview Content\"";
				DEVELOPMENT_TEAM = VLHN7Y8965;
				ENABLE_HARDENED_RUNTIME = YES;
				ENABLE_PREVIEWS = YES;
				GENERATE_INFOPLIST_FILE = YES;
				"INFOPLIST_KEY_UIApplicationSceneManifest_Generation[sdk=iphoneos*]" = YES;
				"INFOPLIST_KEY_UIApplicationSceneManifest_Generation[sdk=iphonesimulator*]" = YES;
				"INFOPLIST_KEY_UIApplicationSupportsIndirectInputEvents[sdk=iphoneos*]" = YES;
				"INFOPLIST_KEY_UIApplicationSupportsIndirectInputEvents[sdk=iphonesimulator*]" = YES;
				"INFOPLIST_KEY_UILaunchScreen_Generation[sdk=iphoneos*]" = YES;
				"INFOPLIST_KEY_UILaunchScreen_Generation[sdk=iphonesimulator*]" = YES;
				"INFOPLIST_KEY_UIStatusBarStyle[sdk=iphoneos*]" = UIStatusBarStyleDefault;
				"INFOPLIST_KEY_UIStatusBarStyle[sdk=iphonesimulator*]" = UIStatusBarStyleDefault;
				INFOPLIST_KEY_UISupportedInterfaceOrientations_iPad = "UIInterfaceOrientationPortrait UIInterfaceOrientationPortraitUpsideDown UIInterfaceOrientationLandscapeLeft UIInterfaceOrientationLandscapeRight";
				INFOPLIST_KEY_UISupportedInterfaceOrientations_iPhone = "UIInterfaceOrientationPortrait UIInterfaceOrientationLandscapeLeft UIInterfaceOrientationLandscapeRight";
				IPHONEOS_DEPLOYMENT_TARGET = 17.5;
				LD_RUNPATH_SEARCH_PATHS = "@executable_path/Frameworks";
				"LD_RUNPATH_SEARCH_PATHS[sdk=macosx*]" = "@executable_path/../Frameworks";
				MACOSX_DEPLOYMENT_TARGET = 14.2;
				MARKETING_VERSION = 1.0;
				PRODUCT_BUNDLE_IDENTIFIER = mealz.MealzOnboardingSupplierSwiftUI;
				PRODUCT_NAME = "$(TARGET_NAME)";
				SDKROOT = auto;
				SUPPORTED_PLATFORMS = "iphoneos iphonesimulator macosx";
				SWIFT_EMIT_LOC_STRINGS = YES;
				SWIFT_VERSION = 5.0;
				TARGETED_DEVICE_FAMILY = "1,2";
			};
			name = Debug;
		};
		6E23457E2C511DAC00866A0B /* Release */ = {
			isa = XCBuildConfiguration;
			buildSettings = {
				ASSETCATALOG_COMPILER_APPICON_NAME = AppIcon;
				ASSETCATALOG_COMPILER_GLOBAL_ACCENT_COLOR_NAME = AccentColor;
				CODE_SIGN_ENTITLEMENTS = MealzOnboardingSupplierSwiftUI/MealzOnboardingSupplierSwiftUI.entitlements;
				CODE_SIGN_STYLE = Automatic;
				CURRENT_PROJECT_VERSION = 1;
				DEVELOPMENT_ASSET_PATHS = "\"MealzOnboardingSupplierSwiftUI/Preview Content\"";
				DEVELOPMENT_TEAM = VLHN7Y8965;
				ENABLE_HARDENED_RUNTIME = YES;
				ENABLE_PREVIEWS = YES;
				GENERATE_INFOPLIST_FILE = YES;
				"INFOPLIST_KEY_UIApplicationSceneManifest_Generation[sdk=iphoneos*]" = YES;
				"INFOPLIST_KEY_UIApplicationSceneManifest_Generation[sdk=iphonesimulator*]" = YES;
				"INFOPLIST_KEY_UIApplicationSupportsIndirectInputEvents[sdk=iphoneos*]" = YES;
				"INFOPLIST_KEY_UIApplicationSupportsIndirectInputEvents[sdk=iphonesimulator*]" = YES;
				"INFOPLIST_KEY_UILaunchScreen_Generation[sdk=iphoneos*]" = YES;
				"INFOPLIST_KEY_UILaunchScreen_Generation[sdk=iphonesimulator*]" = YES;
				"INFOPLIST_KEY_UIStatusBarStyle[sdk=iphoneos*]" = UIStatusBarStyleDefault;
				"INFOPLIST_KEY_UIStatusBarStyle[sdk=iphonesimulator*]" = UIStatusBarStyleDefault;
				INFOPLIST_KEY_UISupportedInterfaceOrientations_iPad = "UIInterfaceOrientationPortrait UIInterfaceOrientationPortraitUpsideDown UIInterfaceOrientationLandscapeLeft UIInterfaceOrientationLandscapeRight";
				INFOPLIST_KEY_UISupportedInterfaceOrientations_iPhone = "UIInterfaceOrientationPortrait UIInterfaceOrientationLandscapeLeft UIInterfaceOrientationLandscapeRight";
				IPHONEOS_DEPLOYMENT_TARGET = 17.5;
				LD_RUNPATH_SEARCH_PATHS = "@executable_path/Frameworks";
				"LD_RUNPATH_SEARCH_PATHS[sdk=macosx*]" = "@executable_path/../Frameworks";
				MACOSX_DEPLOYMENT_TARGET = 14.2;
				MARKETING_VERSION = 1.0;
				PRODUCT_BUNDLE_IDENTIFIER = mealz.MealzOnboardingSupplierSwiftUI;
				PRODUCT_NAME = "$(TARGET_NAME)";
				SDKROOT = auto;
				SUPPORTED_PLATFORMS = "iphoneos iphonesimulator macosx";
				SWIFT_EMIT_LOC_STRINGS = YES;
				SWIFT_VERSION = 5.0;
				TARGETED_DEVICE_FAMILY = "1,2";
			};
			name = Release;
		};
/* End XCBuildConfiguration section */

/* Begin XCConfigurationList section */
		6E2345682C511DAA00866A0B /* Build configuration list for PBXProject "MealzOnboardingSupplierSwiftUI" */ = {
			isa = XCConfigurationList;
			buildConfigurations = (
				6E23457A2C511DAC00866A0B /* Debug */,
				6E23457B2C511DAC00866A0B /* Release */,
			);
			defaultConfigurationIsVisible = 0;
			defaultConfigurationName = Release;
		};
		6E23457C2C511DAC00866A0B /* Build configuration list for PBXNativeTarget "MealzOnboardingSupplierSwiftUI" */ = {
			isa = XCConfigurationList;
			buildConfigurations = (
				6E23457D2C511DAC00866A0B /* Debug */,
				6E23457E2C511DAC00866A0B /* Release */,
			);
			defaultConfigurationIsVisible = 0;
			defaultConfigurationName = Release;
		};
/* End XCConfigurationList section */
	};
	rootObject = 6E2345652C511DAA00866A0B /* Project object */;
}
